// !$*UTF8*$!
{
	archiveVersion = 1;
	classes = {
	};
	objectVersion = 46;
	objects = {

/* Begin PBXBuildFile section */
		6E996A821F34008B0097BA4C /* AppDelegate.swift in Sources */ = {isa = PBXBuildFile; fileRef = 6E996A811F34008B0097BA4C /* AppDelegate.swift */; };
		6E996A871F34008B0097BA4C /* Main.storyboard in Resources */ = {isa = PBXBuildFile; fileRef = 6E996A851F34008B0097BA4C /* Main.storyboard */; };
		6E996A891F34008C0097BA4C /* Assets.xcassets in Resources */ = {isa = PBXBuildFile; fileRef = 6E996A881F34008C0097BA4C /* Assets.xcassets */; };
		6E996A8C1F34008C0097BA4C /* LaunchScreen.storyboard in Resources */ = {isa = PBXBuildFile; fileRef = 6E996A8A1F34008C0097BA4C /* LaunchScreen.storyboard */; };
		6E996A981F3404990097BA4C /* MainPageTableViewController.swift in Sources */ = {isa = PBXBuildFile; fileRef = 6E996A971F3404990097BA4C /* MainPageTableViewController.swift */; };
		6E996A9C1F3406A90097BA4C /* JournalTableViewCell.swift in Sources */ = {isa = PBXBuildFile; fileRef = 6E996A9B1F3406A90097BA4C /* JournalTableViewCell.swift */; };
		6E996A9E1F3409470097BA4C /* ContentViewController.swift in Sources */ = {isa = PBXBuildFile; fileRef = 6E996A9D1F3409470097BA4C /* ContentViewController.swift */; };
		6E996AA21F34106C0097BA4C /* NewViewController.swift in Sources */ = {isa = PBXBuildFile; fileRef = 6E996AA11F34106C0097BA4C /* NewViewController.swift */; };
		6E996AA41F3412730097BA4C /* extension.swift in Sources */ = {isa = PBXBuildFile; fileRef = 6E996AA31F3412730097BA4C /* extension.swift */; };
		6E996AA71F341DFE0097BA4C /* JournalModel.xcdatamodeld in Sources */ = {isa = PBXBuildFile; fileRef = 6E996AA51F341DFE0097BA4C /* JournalModel.xcdatamodeld */; };
		6EB1D2081F34723900377FDE /* NoneTableViewCell.swift in Sources */ = {isa = PBXBuildFile; fileRef = 6EB1D2071F34723900377FDE /* NoneTableViewCell.swift */; };
/* End PBXBuildFile section */

/* Begin PBXFileReference section */
		6E996A7E1F34008B0097BA4C /* Journal.app */ = {isa = PBXFileReference; explicitFileType = wrapper.application; includeInIndex = 0; path = Journal.app; sourceTree = BUILT_PRODUCTS_DIR; };
		6E996A811F34008B0097BA4C /* AppDelegate.swift */ = {isa = PBXFileReference; lastKnownFileType = sourcecode.swift; path = AppDelegate.swift; sourceTree = "<group>"; };
		6E996A861F34008B0097BA4C /* Base */ = {isa = PBXFileReference; lastKnownFileType = file.storyboard; name = Base; path = Base.lproj/Main.storyboard; sourceTree = "<group>"; };
		6E996A881F34008C0097BA4C /* Assets.xcassets */ = {isa = PBXFileReference; lastKnownFileType = folder.assetcatalog; path = Assets.xcassets; sourceTree = "<group>"; };
		6E996A8B1F34008C0097BA4C /* Base */ = {isa = PBXFileReference; lastKnownFileType = file.storyboard; name = Base; path = Base.lproj/LaunchScreen.storyboard; sourceTree = "<group>"; };
		6E996A8D1F34008C0097BA4C /* Info.plist */ = {isa = PBXFileReference; lastKnownFileType = text.plist.xml; path = Info.plist; sourceTree = "<group>"; };
		6E996A971F3404990097BA4C /* MainPageTableViewController.swift */ = {isa = PBXFileReference; fileEncoding = 4; lastKnownFileType = sourcecode.swift; path = MainPageTableViewController.swift; sourceTree = "<group>"; };
		6E996A9B1F3406A90097BA4C /* JournalTableViewCell.swift */ = {isa = PBXFileReference; fileEncoding = 4; lastKnownFileType = sourcecode.swift; path = JournalTableViewCell.swift; sourceTree = "<group>"; };
		6E996A9D1F3409470097BA4C /* ContentViewController.swift */ = {isa = PBXFileReference; fileEncoding = 4; lastKnownFileType = sourcecode.swift; name = ContentViewController.swift; path = ../ContentViewController.swift; sourceTree = "<group>"; };
		6E996AA11F34106C0097BA4C /* NewViewController.swift */ = {isa = PBXFileReference; fileEncoding = 4; lastKnownFileType = sourcecode.swift; path = NewViewController.swift; sourceTree = "<group>"; };
		6E996AA31F3412730097BA4C /* extension.swift */ = {isa = PBXFileReference; fileEncoding = 4; lastKnownFileType = sourcecode.swift; path = extension.swift; sourceTree = "<group>"; };
		6E996AA61F341DFE0097BA4C /* JournalModel.xcdatamodel */ = {isa = PBXFileReference; lastKnownFileType = wrapper.xcdatamodel; path = JournalModel.xcdatamodel; sourceTree = "<group>"; };
		6EB1D2071F34723900377FDE /* NoneTableViewCell.swift */ = {isa = PBXFileReference; fileEncoding = 4; lastKnownFileType = sourcecode.swift; path = NoneTableViewCell.swift; sourceTree = "<group>"; };
/* End PBXFileReference section */

/* Begin PBXFrameworksBuildPhase section */
		6E996A7B1F34008B0097BA4C /* Frameworks */ = {
			isa = PBXFrameworksBuildPhase;
			buildActionMask = 2147483647;
			files = (
			);
			runOnlyForDeploymentPostprocessing = 0;
		};
/* End PBXFrameworksBuildPhase section */

/* Begin PBXGroup section */
		6E996A751F34008B0097BA4C = {
			isa = PBXGroup;
			children = (
				6E996A801F34008B0097BA4C /* Journal */,
				6E996A7F1F34008B0097BA4C /* Products */,
			);
			sourceTree = "<group>";
		};
		6E996A7F1F34008B0097BA4C /* Products */ = {
			isa = PBXGroup;
			children = (
				6E996A7E1F34008B0097BA4C /* Journal.app */,
			);
			name = Products;
			sourceTree = "<group>";
		};
		6E996A801F34008B0097BA4C /* Journal */ = {
			isa = PBXGroup;
			children = (
				6E996A9B1F3406A90097BA4C /* JournalTableViewCell.swift */,
				6E996A851F34008B0097BA4C /* Main.storyboard */,
				6E996A971F3404990097BA4C /* MainPageTableViewController.swift */,
				6EB1D2071F34723900377FDE /* NoneTableViewCell.swift */,
				6E996A9D1F3409470097BA4C /* ContentViewController.swift */,
				6E996AA11F34106C0097BA4C /* NewViewController.swift */,
				6E996AA31F3412730097BA4C /* extension.swift */,
				6E996A811F34008B0097BA4C /* AppDelegate.swift */,
				6E996AA51F341DFE0097BA4C /* JournalModel.xcdatamodeld */,
				6E996A881F34008C0097BA4C /* Assets.xcassets */,
				6E996A8A1F34008C0097BA4C /* LaunchScreen.storyboard */,
				6E996A8D1F34008C0097BA4C /* Info.plist */,
			);
			path = Journal;
			sourceTree = "<group>";
		};
/* End PBXGroup section */

/* Begin PBXNativeTarget section */
		6E996A7D1F34008B0097BA4C /* Journal */ = {
			isa = PBXNativeTarget;
			buildConfigurationList = 6E996A901F34008C0097BA4C /* Build configuration list for PBXNativeTarget "Journal" */;
			buildPhases = (
				6E996A7A1F34008B0097BA4C /* Sources */,
				6E996A7B1F34008B0097BA4C /* Frameworks */,
				6E996A7C1F34008B0097BA4C /* Resources */,
				6E996A961F34016C0097BA4C /* swiftlint */,
			);
			buildRules = (
			);
			dependencies = (
			);
			name = Journal;
			productName = Journal;
			productReference = 6E996A7E1F34008B0097BA4C /* Journal.app */;
			productType = "com.apple.product-type.application";
		};
/* End PBXNativeTarget section */

/* Begin PBXProject section */
		6E996A761F34008B0097BA4C /* Project object */ = {
			isa = PBXProject;
			attributes = {
				LastSwiftUpdateCheck = 0830;
				LastUpgradeCheck = 0830;
				ORGANIZATIONNAME = yuling;
				TargetAttributes = {
					6E996A7D1F34008B0097BA4C = {
						CreatedOnToolsVersion = 8.3.3;
						DevelopmentTeam = 2QFPTG9564;
						ProvisioningStyle = Automatic;
					};
				};
			};
			buildConfigurationList = 6E996A791F34008B0097BA4C /* Build configuration list for PBXProject "Journal" */;
			compatibilityVersion = "Xcode 3.2";
			developmentRegion = English;
			hasScannedForEncodings = 0;
			knownRegions = (
				en,
				Base,
			);
			mainGroup = 6E996A751F34008B0097BA4C;
			productRefGroup = 6E996A7F1F34008B0097BA4C /* Products */;
			projectDirPath = "";
			projectRoot = "";
			targets = (
				6E996A7D1F34008B0097BA4C /* Journal */,
			);
		};
/* End PBXProject section */

/* Begin PBXResourcesBuildPhase section */
		6E996A7C1F34008B0097BA4C /* Resources */ = {
			isa = PBXResourcesBuildPhase;
			buildActionMask = 2147483647;
			files = (
				6E996A8C1F34008C0097BA4C /* LaunchScreen.storyboard in Resources */,
				6E996A891F34008C0097BA4C /* Assets.xcassets in Resources */,
				6E996A871F34008B0097BA4C /* Main.storyboard in Resources */,
			);
			runOnlyForDeploymentPostprocessing = 0;
		};
/* End PBXResourcesBuildPhase section */

/* Begin PBXShellScriptBuildPhase section */
		6E996A961F34016C0097BA4C /* swiftlint */ = {
			isa = PBXShellScriptBuildPhase;
			buildActionMask = 2147483647;
			files = (
			);
			inputPaths = (
			);
			name = swiftlint;
			outputPaths = (
			);
			runOnlyForDeploymentPostprocessing = 0;
			shellPath = /bin/sh;
			shellScript = "if which swiftlint >/dev/null; then\nswiftlint\nelse\necho \"warning: SwiftLint not installed, download from https://github.com/realm/SwiftLint\"\nfi";
		};
/* End PBXShellScriptBuildPhase section */

/* Begin PBXSourcesBuildPhase section */
		6E996A7A1F34008B0097BA4C /* Sources */ = {
			isa = PBXSourcesBuildPhase;
			buildActionMask = 2147483647;
			files = (
				6E996AA71F341DFE0097BA4C /* JournalModel.xcdatamodeld in Sources */,
				6E996A9E1F3409470097BA4C /* ContentViewController.swift in Sources */,
				6E996A981F3404990097BA4C /* MainPageTableViewController.swift in Sources */,
				6E996AA21F34106C0097BA4C /* NewViewController.swift in Sources */,
				6E996AA41F3412730097BA4C /* extension.swift in Sources */,
				6EB1D2081F34723900377FDE /* NoneTableViewCell.swift in Sources */,
				6E996A9C1F3406A90097BA4C /* JournalTableViewCell.swift in Sources */,
				6E996A821F34008B0097BA4C /* AppDelegate.swift in Sources */,
			);
			runOnlyForDeploymentPostprocessing = 0;
		};
/* End PBXSourcesBuildPhase section */

/* Begin PBXVariantGroup section */
		6E996A851F34008B0097BA4C /* Main.storyboard */ = {
			isa = PBXVariantGroup;
			children = (
				6E996A861F34008B0097BA4C /* Base */,
			);
			name = Main.storyboard;
			sourceTree = "<group>";
		};
		6E996A8A1F34008C0097BA4C /* LaunchScreen.storyboard */ = {
			isa = PBXVariantGroup;
			children = (
				6E996A8B1F34008C0097BA4C /* Base */,
			);
			name = LaunchScreen.storyboard;
			sourceTree = "<group>";
		};
/* End PBXVariantGroup section */

/* Begin XCBuildConfiguration section */
		6E996A8E1F34008C0097BA4C /* Debug */ = {
			isa = XCBuildConfiguration;
			buildSettings = {
				ALWAYS_SEARCH_USER_PATHS = NO;
				CLANG_ANALYZER_NONNULL = YES;
				CLANG_ANALYZER_NUMBER_OBJECT_CONVERSION = YES_AGGRESSIVE;
				CLANG_CXX_LANGUAGE_STANDARD = "gnu++0x";
				CLANG_CXX_LIBRARY = "libc++";
				CLANG_ENABLE_MODULES = YES;
				CLANG_ENABLE_OBJC_ARC = YES;
				CLANG_WARN_BOOL_CONVERSION = YES;
				CLANG_WARN_CONSTANT_CONVERSION = YES;
				CLANG_WARN_DIRECT_OBJC_ISA_USAGE = YES_ERROR;
				CLANG_WARN_DOCUMENTATION_COMMENTS = YES;
				CLANG_WARN_EMPTY_BODY = YES;
				CLANG_WARN_ENUM_CONVERSION = YES;
				CLANG_WARN_INFINITE_RECURSION = YES;
				CLANG_WARN_INT_CONVERSION = YES;
				CLANG_WARN_OBJC_ROOT_CLASS = YES_ERROR;
				CLANG_WARN_SUSPICIOUS_MOVE = YES;
				CLANG_WARN_UNREACHABLE_CODE = YES;
				CLANG_WARN__DUPLICATE_METHOD_MATCH = YES;
				"CODE_SIGN_IDENTITY[sdk=iphoneos*]" = "iPhone Developer";
				COPY_PHASE_STRIP = NO;
				DEBUG_INFORMATION_FORMAT = dwarf;
				ENABLE_STRICT_OBJC_MSGSEND = YES;
				ENABLE_TESTABILITY = YES;
				GCC_C_LANGUAGE_STANDARD = gnu99;
				GCC_DYNAMIC_NO_PIC = NO;
				GCC_NO_COMMON_BLOCKS = YES;
				GCC_OPTIMIZATION_LEVEL = 0;
				GCC_PREPROCESSOR_DEFINITIONS = (
					"DEBUG=1",
					"$(inherited)",
				);
				GCC_WARN_64_TO_32_BIT_CONVERSION = YES;
				GCC_WARN_ABOUT_RETURN_TYPE = YES_ERROR;
				GCC_WARN_UNDECLARED_SELECTOR = YES;
				GCC_WARN_UNINITIALIZED_AUTOS = YES_AGGRESSIVE;
				GCC_WARN_UNUSED_FUNCTION = YES;
				GCC_WARN_UNUSED_VARIABLE = YES;
				IPHONEOS_DEPLOYMENT_TARGET = 10.0;
				MTL_ENABLE_DEBUG_INFO = YES;
				ONLY_ACTIVE_ARCH = YES;
				SDKROOT = iphoneos;
				SWIFT_ACTIVE_COMPILATION_CONDITIONS = DEBUG;
				SWIFT_OPTIMIZATION_LEVEL = "-Onone";
				TARGETED_DEVICE_FAMILY = "1,2";
			};
			name = Debug;
		};
		6E996A8F1F34008C0097BA4C /* Release */ = {
			isa = XCBuildConfiguration;
			buildSettings = {
				ALWAYS_SEARCH_USER_PATHS = NO;
				CLANG_ANALYZER_NONNULL = YES;
				CLANG_ANALYZER_NUMBER_OBJECT_CONVERSION = YES_AGGRESSIVE;
				CLANG_CXX_LANGUAGE_STANDARD = "gnu++0x";
				CLANG_CXX_LIBRARY = "libc++";
				CLANG_ENABLE_MODULES = YES;
				CLANG_ENABLE_OBJC_ARC = YES;
				CLANG_WARN_BOOL_CONVERSION = YES;
				CLANG_WARN_CONSTANT_CONVERSION = YES;
				CLANG_WARN_DIRECT_OBJC_ISA_USAGE = YES_ERROR;
				CLANG_WARN_DOCUMENTATION_COMMENTS = YES;
				CLANG_WARN_EMPTY_BODY = YES;
				CLANG_WARN_ENUM_CONVERSION = YES;
				CLANG_WARN_INFINITE_RECURSION = YES;
				CLANG_WARN_INT_CONVERSION = YES;
				CLANG_WARN_OBJC_ROOT_CLASS = YES_ERROR;
				CLANG_WARN_SUSPICIOUS_MOVE = YES;
				CLANG_WARN_UNREACHABLE_CODE = YES;
				CLANG_WARN__DUPLICATE_METHOD_MATCH = YES;
				"CODE_SIGN_IDENTITY[sdk=iphoneos*]" = "iPhone Developer";
				COPY_PHASE_STRIP = NO;
				DEBUG_INFORMATION_FORMAT = "dwarf-with-dsym";
				ENABLE_NS_ASSERTIONS = NO;
				ENABLE_STRICT_OBJC_MSGSEND = YES;
				GCC_C_LANGUAGE_STANDARD = gnu99;
				GCC_NO_COMMON_BLOCKS = YES;
				GCC_WARN_64_TO_32_BIT_CONVERSION = YES;
				GCC_WARN_ABOUT_RETURN_TYPE = YES_ERROR;
				GCC_WARN_UNDECLARED_SELECTOR = YES;
				GCC_WARN_UNINITIALIZED_AUTOS = YES_AGGRESSIVE;
				GCC_WARN_UNUSED_FUNCTION = YES;
				GCC_WARN_UNUSED_VARIABLE = YES;
				IPHONEOS_DEPLOYMENT_TARGET = 10.0;
				MTL_ENABLE_DEBUG_INFO = NO;
				SDKROOT = iphoneos;
				SWIFT_OPTIMIZATION_LEVEL = "-Owholemodule";
				TARGETED_DEVICE_FAMILY = "1,2";
				VALIDATE_PRODUCT = YES;
			};
			name = Release;
		};
		6E996A911F34008C0097BA4C /* Debug */ = {
			isa = XCBuildConfiguration;
			buildSettings = {
				ASSETCATALOG_COMPILER_APPICON_NAME = AppIcon;
				DEVELOPMENT_TEAM = 2QFPTG9564;
				INFOPLIST_FILE = Journal/Info.plist;
				LD_RUNPATH_SEARCH_PATHS = "$(inherited) @executable_path/Frameworks";
				PRODUCT_BUNDLE_IDENTIFIER = swift.Journal;
				PRODUCT_NAME = "$(TARGET_NAME)";
				SWIFT_VERSION = 3.0;
			};
			name = Debug;
		};
		6E996A921F34008C0097BA4C /* Release */ = {
			isa = XCBuildConfiguration;
			buildSettings = {
				ASSETCATALOG_COMPILER_APPICON_NAME = AppIcon;
				DEVELOPMENT_TEAM = 2QFPTG9564;
				INFOPLIST_FILE = Journal/Info.plist;
				LD_RUNPATH_SEARCH_PATHS = "$(inherited) @executable_path/Frameworks";
				PRODUCT_BUNDLE_IDENTIFIER = swift.Journal;
				PRODUCT_NAME = "$(TARGET_NAME)";
				SWIFT_VERSION = 3.0;
			};
			name = Release;
		};
/* End XCBuildConfiguration section */

/* Begin XCConfigurationList section */
		6E996A791F34008B0097BA4C /* Build configuration list for PBXProject "Journal" */ = {
			isa = XCConfigurationList;
			buildConfigurations = (
				6E996A8E1F34008C0097BA4C /* Debug */,
				6E996A8F1F34008C0097BA4C /* Release */,
			);
			defaultConfigurationIsVisible = 0;
			defaultConfigurationName = Release;
		};
		6E996A901F34008C0097BA4C /* Build configuration list for PBXNativeTarget "Journal" */ = {
			isa = XCConfigurationList;
			buildConfigurations = (
				6E996A911F34008C0097BA4C /* Debug */,
				6E996A921F34008C0097BA4C /* Release */,
			);
			defaultConfigurationIsVisible = 0;
			defaultConfigurationName = Release;
		};
/* End XCConfigurationList section */

/* Begin XCVersionGroup section */
		6E996AA51F341DFE0097BA4C /* JournalModel.xcdatamodeld */ = {
			isa = XCVersionGroup;
			children = (
				6E996AA61F341DFE0097BA4C /* JournalModel.xcdatamodel */,
			);
			currentVersion = 6E996AA61F341DFE0097BA4C /* JournalModel.xcdatamodel */;
			path = JournalModel.xcdatamodeld;
			sourceTree = "<group>";
			versionGroupType = wrapper.xcdatamodel;
		};
/* End XCVersionGroup section */
	};
	rootObject = 6E996A761F34008B0097BA4C /* Project object */;
}
